
Microsoft Visual Studio Solution File, Format Version 12.00
# Visual Studio Version 17
VisualStudioVersion = 17.4.33213.308
MinimumVisualStudioVersion = 10.0.40219.1
Project("{9A19103F-16F7-4668-BE54-9A1E7A4F7556}") = "FirstWPFApplication", "FirstWPFApplication\FirstWPFApplication.csproj", "{B26E50D7-5D48-4117-B185-CD93C3CEF773}"
EndProject
Project("{9A19103F-16F7-4668-BE54-9A1E7A4F7556}") = "JSON-From_A_File", "JSON-From_A_File\JSON-From_A_File.csproj", "{A5083004-8993-49F9-892B-95FB65CCAEDF}"
EndProject
Project("{FAE04EC0-301F-11D3-BF4B-00C04F79EFBC}") = "JSON-Serialization", "JSON-Serialization\JSON-Serialization.csproj", "{8921151E-6DC0-4B67-AD0B-5FFBF25558A0}"
EndProject
Global
	GlobalSection(SolutionConfigurationPlatforms) = preSolution
		Debug|Any CPU = Debug|Any CPU
		Release|Any CPU = Release|Any CPU
	EndGlobalSection
	GlobalSection(ProjectConfigurationPlatforms) = postSolution
		{B26E50D7-5D48-4117-B185-CD93C3CEF773}.Debug|Any CPU.ActiveCfg = Debug|Any CPU
		{B26E50D7-5D48-4117-B185-CD93C3CEF773}.Debug|Any CPU.Build.0 = Debug|Any CPU
		{B26E50D7-5D48-4117-B185-CD93C3CEF773}.Release|Any CPU.ActiveCfg = Release|Any CPU
		{B26E50D7-5D48-4117-B185-CD93C3CEF773}.Release|Any CPU.Build.0 = Release|Any CPU
		{A5083004-8993-49F9-892B-95FB65CCAEDF}.Debug|Any CPU.ActiveCfg = Debug|Any CPU
		{A5083004-8993-49F9-892B-95FB65CCAEDF}.Debug|Any CPU.Build.0 = Debug|Any CPU
		{A5083004-8993-49F9-892B-95FB65CCAEDF}.Release|Any CPU.ActiveCfg = Release|Any CPU
		{A5083004-8993-49F9-892B-95FB65CCAEDF}.Release|Any CPU.Build.0 = Release|Any CPU
		{8921151E-6DC0-4B67-AD0B-5FFBF25558A0}.Debug|Any CPU.ActiveCfg = Debug|Any CPU
		{8921151E-6DC0-4B67-AD0B-5FFBF25558A0}.Debug|Any CPU.Build.0 = Debug|Any CPU
		{8921151E-6DC0-4B67-AD0B-5FFBF25558A0}.Release|Any CPU.ActiveCfg = Release|Any CPU
		{8921151E-6DC0-4B67-AD0B-5FFBF25558A0}.Release|Any CPU.Build.0 = Release|Any CPU
	EndGlobalSection
	GlobalSection(SolutionProperties) = preSolution
		HideSolutionNode = FALSE
	EndGlobalSection
	GlobalSection(ExtensibilityGlobals) = postSolution
		SolutionGuid = {04943244-5CD6-41C8-9727-ECC7996B1CC3}
	EndGlobalSection
EndGlobal
