
Microsoft Visual Studio Solution File, Format Version 12.00
# Visual Studio Version 17
VisualStudioVersion = 17.4.33213.308
MinimumVisualStudioVersion = 10.0.40219.1
Project("{9A19103F-16F7-4668-BE54-9A1E7A4F7556}") = "MyFirstWPF", "MyFirstWPF\MyFirstWPF.csproj", "{678CFE53-8AC1-4AFB-B0EA-9A7D619A88A8}"
EndProject
Project("{9A19103F-16F7-4668-BE54-9A1E7A4F7556}") = "JSON_RickAndMorty", "JSON_RickAndMorty\JSON_RickAndMorty.csproj", "{5EB0451A-53F1-4354-BFE9-FE19367E2350}"
EndProject
Project("{9A19103F-16F7-4668-BE54-9A1E7A4F7556}") = "JSON-GameOfThronesQuote", "JSON-GameOfThronesQuote\JSON-GameOfThronesQuote.csproj", "{1620E43B-15CC-4EFA-8CB7-C79139C36CCC}"
EndProject
Project("{9A19103F-16F7-4668-BE54-9A1E7A4F7556}") = "MyFirstMVCApplication", "MyFirstMVCApplication\MyFirstMVCApplication.csproj", "{11B233A2-1AEA-4F34-94A4-352657AE4AE3}"
EndProject
Project("{FAE04EC0-301F-11D3-BF4B-00C04F79EFBC}") = "MVC_EF", "MVC_EF\MVC_EF.csproj", "{17959194-E71D-48F5-AB05-6CE39C6C6070}"
EndProject
Global
	GlobalSection(SolutionConfigurationPlatforms) = preSolution
		Debug|Any CPU = Debug|Any CPU
		Release|Any CPU = Release|Any CPU
	EndGlobalSection
	GlobalSection(ProjectConfigurationPlatforms) = postSolution
		{678CFE53-8AC1-4AFB-B0EA-9A7D619A88A8}.Debug|Any CPU.ActiveCfg = Debug|Any CPU
		{678CFE53-8AC1-4AFB-B0EA-9A7D619A88A8}.Debug|Any CPU.Build.0 = Debug|Any CPU
		{678CFE53-8AC1-4AFB-B0EA-9A7D619A88A8}.Release|Any CPU.ActiveCfg = Release|Any CPU
		{678CFE53-8AC1-4AFB-B0EA-9A7D619A88A8}.Release|Any CPU.Build.0 = Release|Any CPU
		{5EB0451A-53F1-4354-BFE9-FE19367E2350}.Debug|Any CPU.ActiveCfg = Debug|Any CPU
		{5EB0451A-53F1-4354-BFE9-FE19367E2350}.Debug|Any CPU.Build.0 = Debug|Any CPU
		{5EB0451A-53F1-4354-BFE9-FE19367E2350}.Release|Any CPU.ActiveCfg = Release|Any CPU
		{5EB0451A-53F1-4354-BFE9-FE19367E2350}.Release|Any CPU.Build.0 = Release|Any CPU
		{1620E43B-15CC-4EFA-8CB7-C79139C36CCC}.Debug|Any CPU.ActiveCfg = Debug|Any CPU
		{1620E43B-15CC-4EFA-8CB7-C79139C36CCC}.Debug|Any CPU.Build.0 = Debug|Any CPU
		{1620E43B-15CC-4EFA-8CB7-C79139C36CCC}.Release|Any CPU.ActiveCfg = Release|Any CPU
		{1620E43B-15CC-4EFA-8CB7-C79139C36CCC}.Release|Any CPU.Build.0 = Release|Any CPU
		{11B233A2-1AEA-4F34-94A4-352657AE4AE3}.Debug|Any CPU.ActiveCfg = Debug|Any CPU
		{11B233A2-1AEA-4F34-94A4-352657AE4AE3}.Debug|Any CPU.Build.0 = Debug|Any CPU
		{11B233A2-1AEA-4F34-94A4-352657AE4AE3}.Release|Any CPU.ActiveCfg = Release|Any CPU
		{11B233A2-1AEA-4F34-94A4-352657AE4AE3}.Release|Any CPU.Build.0 = Release|Any CPU
		{17959194-E71D-48F5-AB05-6CE39C6C6070}.Debug|Any CPU.ActiveCfg = Debug|Any CPU
		{17959194-E71D-48F5-AB05-6CE39C6C6070}.Debug|Any CPU.Build.0 = Debug|Any CPU
		{17959194-E71D-48F5-AB05-6CE39C6C6070}.Release|Any CPU.ActiveCfg = Release|Any CPU
		{17959194-E71D-48F5-AB05-6CE39C6C6070}.Release|Any CPU.Build.0 = Release|Any CPU
	EndGlobalSection
	GlobalSection(SolutionProperties) = preSolution
		HideSolutionNode = FALSE
	EndGlobalSection
	GlobalSection(ExtensibilityGlobals) = postSolution
		SolutionGuid = {F18AA4B4-BFE6-4E70-9B7F-044F8F2F6AF3}
	EndGlobalSection
EndGlobal
